// !$*UTF8*$!
{
	archiveVersion = 1;
	classes = {
	};
	objectVersion = 56;
	objects = {

/* Begin PBXBuildFile section */
		62DA79A82C6AB67B00355119 /* AppDelegate.swift in Sources */ = {isa = PBXBuildFile; fileRef = 62DA79A72C6AB67B00355119 /* AppDelegate.swift */; };
		62DA79AA2C6AB67B00355119 /* SceneDelegate.swift in Sources */ = {isa = PBXBuildFile; fileRef = 62DA79A92C6AB67B00355119 /* SceneDelegate.swift */; };
		62DA79B12C6AB67E00355119 /* Assets.xcassets in Resources */ = {isa = PBXBuildFile; fileRef = 62DA79B02C6AB67E00355119 /* Assets.xcassets */; };
		62DA79B42C6AB67E00355119 /* LaunchScreen.storyboard in Resources */ = {isa = PBXBuildFile; fileRef = 62DA79B22C6AB67E00355119 /* LaunchScreen.storyboard */; };
		62DA79C12C6AB78500355119 /* MainTabBarController.swift in Sources */ = {isa = PBXBuildFile; fileRef = 62DA79C02C6AB78500355119 /* MainTabBarController.swift */; };
		62DA79C32C6AB9DE00355119 /* TableViewSettingsViewController.swift in Sources */ = {isa = PBXBuildFile; fileRef = 62DA79C22C6AB9DE00355119 /* TableViewSettingsViewController.swift */; };
		62DA79C52C6AB9FD00355119 /* ImageCropperViewController.swift in Sources */ = {isa = PBXBuildFile; fileRef = 62DA79C42C6AB9FD00355119 /* ImageCropperViewController.swift */; };
		62DA79C92C6ABAB700355119 /* TableViewCell.swift in Sources */ = {isa = PBXBuildFile; fileRef = 62DA79C82C6ABAB700355119 /* TableViewCell.swift */; };
		62DA79CC2C6ABB5D00355119 /* Dynamic.swift in Sources */ = {isa = PBXBuildFile; fileRef = 62DA79CB2C6ABB5D00355119 /* Dynamic.swift */; };
		62DA79CE2C6ABB9400355119 /* TableDataViewModel.swift in Sources */ = {isa = PBXBuildFile; fileRef = 62DA79CD2C6ABB9400355119 /* TableDataViewModel.swift */; };
		62DA79D02C6ABD1100355119 /* PersonModel.swift in Sources */ = {isa = PBXBuildFile; fileRef = 62DA79CF2C6ABD1100355119 /* PersonModel.swift */; };
		62DA79D62C6C2E8400355119 /* UIImage+extensions.swift in Sources */ = {isa = PBXBuildFile; fileRef = 62DA79D52C6C2E8400355119 /* UIImage+extensions.swift */; };
		62DA79D92C6C2EE800355119 /* ImageChangeAreaView.swift in Sources */ = {isa = PBXBuildFile; fileRef = 62DA79D82C6C2EE800355119 /* ImageChangeAreaView.swift */; };
		62DA79DC2C6C301B00355119 /* FilterType.swift in Sources */ = {isa = PBXBuildFile; fileRef = 62DA79DB2C6C301B00355119 /* FilterType.swift */; };
/* End PBXBuildFile section */

/* Begin PBXFileReference section */
		62DA79A42C6AB67B00355119 /* TestTaskImageCropper.app */ = {isa = PBXFileReference; explicitFileType = wrapper.application; includeInIndex = 0; path = TestTaskImageCropper.app; sourceTree = BUILT_PRODUCTS_DIR; };
		62DA79A72C6AB67B00355119 /* AppDelegate.swift */ = {isa = PBXFileReference; lastKnownFileType = sourcecode.swift; path = AppDelegate.swift; sourceTree = "<group>"; };
		62DA79A92C6AB67B00355119 /* SceneDelegate.swift */ = {isa = PBXFileReference; lastKnownFileType = sourcecode.swift; path = SceneDelegate.swift; sourceTree = "<group>"; };
		62DA79B02C6AB67E00355119 /* Assets.xcassets */ = {isa = PBXFileReference; lastKnownFileType = folder.assetcatalog; path = Assets.xcassets; sourceTree = "<group>"; };
		62DA79B32C6AB67E00355119 /* Base */ = {isa = PBXFileReference; lastKnownFileType = file.storyboard; name = Base; path = Base.lproj/LaunchScreen.storyboard; sourceTree = "<group>"; };
		62DA79B52C6AB67E00355119 /* Info.plist */ = {isa = PBXFileReference; lastKnownFileType = text.plist.xml; path = Info.plist; sourceTree = "<group>"; };
		62DA79C02C6AB78500355119 /* MainTabBarController.swift */ = {isa = PBXFileReference; lastKnownFileType = sourcecode.swift; path = MainTabBarController.swift; sourceTree = "<group>"; };
		62DA79C22C6AB9DE00355119 /* TableViewSettingsViewController.swift */ = {isa = PBXFileReference; lastKnownFileType = sourcecode.swift; path = TableViewSettingsViewController.swift; sourceTree = "<group>"; };
		62DA79C42C6AB9FD00355119 /* ImageCropperViewController.swift */ = {isa = PBXFileReference; lastKnownFileType = sourcecode.swift; path = ImageCropperViewController.swift; sourceTree = "<group>"; };
		62DA79C82C6ABAB700355119 /* TableViewCell.swift */ = {isa = PBXFileReference; lastKnownFileType = sourcecode.swift; path = TableViewCell.swift; sourceTree = "<group>"; };
		62DA79CB2C6ABB5D00355119 /* Dynamic.swift */ = {isa = PBXFileReference; lastKnownFileType = sourcecode.swift; path = Dynamic.swift; sourceTree = "<group>"; };
		62DA79CD2C6ABB9400355119 /* TableDataViewModel.swift */ = {isa = PBXFileReference; lastKnownFileType = sourcecode.swift; path = TableDataViewModel.swift; sourceTree = "<group>"; };
		62DA79CF2C6ABD1100355119 /* PersonModel.swift */ = {isa = PBXFileReference; lastKnownFileType = sourcecode.swift; path = PersonModel.swift; sourceTree = "<group>"; };
		62DA79D52C6C2E8400355119 /* UIImage+extensions.swift */ = {isa = PBXFileReference; lastKnownFileType = sourcecode.swift; path = "UIImage+extensions.swift"; sourceTree = "<group>"; };
		62DA79D82C6C2EE800355119 /* ImageChangeAreaView.swift */ = {isa = PBXFileReference; lastKnownFileType = sourcecode.swift; path = ImageChangeAreaView.swift; sourceTree = "<group>"; };
		62DA79DB2C6C301B00355119 /* FilterType.swift */ = {isa = PBXFileReference; lastKnownFileType = sourcecode.swift; path = FilterType.swift; sourceTree = "<group>"; };
/* End PBXFileReference section */

/* Begin PBXFrameworksBuildPhase section */
		62DA79A12C6AB67B00355119 /* Frameworks */ = {
			isa = PBXFrameworksBuildPhase;
			buildActionMask = 2147483647;
			files = (
			);
			runOnlyForDeploymentPostprocessing = 0;
		};
/* End PBXFrameworksBuildPhase section */

/* Begin PBXGroup section */
		62DA799B2C6AB67B00355119 = {
			isa = PBXGroup;
			children = (
				62DA79A62C6AB67B00355119 /* TestTaskImageCropper */,
				62DA79A52C6AB67B00355119 /* Products */,
			);
			sourceTree = "<group>";
		};
		62DA79A52C6AB67B00355119 /* Products */ = {
			isa = PBXGroup;
			children = (
				62DA79A42C6AB67B00355119 /* TestTaskImageCropper.app */,
			);
			name = Products;
			sourceTree = "<group>";
		};
		62DA79A62C6AB67B00355119 /* TestTaskImageCropper */ = {
			isa = PBXGroup;
			children = (
				62DA79BF2C6AB72900355119 /* Views */,
				62DA79BE2C6AB71000355119 /* Helpers */,
				62DA79BD2C6AB70600355119 /* ViewModels */,
				62DA79BC2C6AB6F700355119 /* Models */,
				62DA79BB2C6AB6D700355119 /* App */,
				62DA79B02C6AB67E00355119 /* Assets.xcassets */,
				62DA79B52C6AB67E00355119 /* Info.plist */,
			);
			path = TestTaskImageCropper;
			sourceTree = "<group>";
		};
		62DA79BB2C6AB6D700355119 /* App */ = {
			isa = PBXGroup;
			children = (
				62DA79A72C6AB67B00355119 /* AppDelegate.swift */,
				62DA79A92C6AB67B00355119 /* SceneDelegate.swift */,
			);
			path = App;
			sourceTree = "<group>";
		};
		62DA79BC2C6AB6F700355119 /* Models */ = {
			isa = PBXGroup;
			children = (
				62DA79DA2C6C2FF400355119 /* Enums */,
				62DA79CF2C6ABD1100355119 /* PersonModel.swift */,
			);
			path = Models;
			sourceTree = "<group>";
		};
		62DA79BD2C6AB70600355119 /* ViewModels */ = {
			isa = PBXGroup;
			children = (
				62DA79CA2C6ABB3A00355119 /* Bindings */,
				62DA79CD2C6ABB9400355119 /* TableDataViewModel.swift */,
			);
			path = ViewModels;
			sourceTree = "<group>";
		};
		62DA79BE2C6AB71000355119 /* Helpers */ = {
			isa = PBXGroup;
			children = (
				62DA79D42C6C2E6100355119 /* Extensions */,
			);
			path = Helpers;
			sourceTree = "<group>";
		};
		62DA79BF2C6AB72900355119 /* Views */ = {
			isa = PBXGroup;
			children = (
				62DA79D72C6C2EC800355119 /* CustomElements */,
				62DA79D12C6ABD8800355119 /* Storyboards */,
				62DA79C72C6ABA9000355119 /* Cells */,
				62DA79C62C6ABA5400355119 /* Controllers */,
			);
			path = Views;
			sourceTree = "<group>";
		};
		62DA79C62C6ABA5400355119 /* Controllers */ = {
			isa = PBXGroup;
			children = (
				62DA79C02C6AB78500355119 /* MainTabBarController.swift */,
				62DA79C42C6AB9FD00355119 /* ImageCropperViewController.swift */,
				62DA79C22C6AB9DE00355119 /* TableViewSettingsViewController.swift */,
			);
			path = Controllers;
			sourceTree = "<group>";
		};
		62DA79C72C6ABA9000355119 /* Cells */ = {
			isa = PBXGroup;
			children = (
				62DA79C82C6ABAB700355119 /* TableViewCell.swift */,
			);
			path = Cells;
			sourceTree = "<group>";
		};
		62DA79CA2C6ABB3A00355119 /* Bindings */ = {
			isa = PBXGroup;
			children = (
				62DA79CB2C6ABB5D00355119 /* Dynamic.swift */,
			);
			path = Bindings;
			sourceTree = "<group>";
		};
		62DA79D12C6ABD8800355119 /* Storyboards */ = {
			isa = PBXGroup;
			children = (
				62DA79B22C6AB67E00355119 /* LaunchScreen.storyboard */,
			);
			path = Storyboards;
			sourceTree = "<group>";
		};
		62DA79D42C6C2E6100355119 /* Extensions */ = {
			isa = PBXGroup;
			children = (
				62DA79D52C6C2E8400355119 /* UIImage+extensions.swift */,
			);
			path = Extensions;
			sourceTree = "<group>";
		};
		62DA79D72C6C2EC800355119 /* CustomElements */ = {
			isa = PBXGroup;
			children = (
				62DA79D82C6C2EE800355119 /* ImageChangeAreaView.swift */,
			);
			path = CustomElements;
			sourceTree = "<group>";
		};
		62DA79DA2C6C2FF400355119 /* Enums */ = {
			isa = PBXGroup;
			children = (
				62DA79DB2C6C301B00355119 /* FilterType.swift */,
			);
			path = Enums;
			sourceTree = "<group>";
		};
/* End PBXGroup section */

/* Begin PBXNativeTarget section */
		62DA79A32C6AB67B00355119 /* TestTaskImageCropper */ = {
			isa = PBXNativeTarget;
			buildConfigurationList = 62DA79B82C6AB67E00355119 /* Build configuration list for PBXNativeTarget "TestTaskImageCropper" */;
			buildPhases = (
				62DA79A02C6AB67B00355119 /* Sources */,
				62DA79A12C6AB67B00355119 /* Frameworks */,
				62DA79A22C6AB67B00355119 /* Resources */,
			);
			buildRules = (
			);
			dependencies = (
			);
			name = TestTaskImageCropper;
			productName = TestTaskImageCropper;
			productReference = 62DA79A42C6AB67B00355119 /* TestTaskImageCropper.app */;
			productType = "com.apple.product-type.application";
		};
/* End PBXNativeTarget section */

/* Begin PBXProject section */
		62DA799C2C6AB67B00355119 /* Project object */ = {
			isa = PBXProject;
			attributes = {
				BuildIndependentTargetsInParallel = 1;
				LastSwiftUpdateCheck = 1500;
				LastUpgradeCheck = 1500;
				TargetAttributes = {
					62DA79A32C6AB67B00355119 = {
						CreatedOnToolsVersion = 15.0.1;
					};
				};
			};
			buildConfigurationList = 62DA799F2C6AB67B00355119 /* Build configuration list for PBXProject "TestTaskImageCropper" */;
			compatibilityVersion = "Xcode 14.0";
			developmentRegion = en;
			hasScannedForEncodings = 0;
			knownRegions = (
				en,
				Base,
			);
			mainGroup = 62DA799B2C6AB67B00355119;
			productRefGroup = 62DA79A52C6AB67B00355119 /* Products */;
			projectDirPath = "";
			projectRoot = "";
			targets = (
				62DA79A32C6AB67B00355119 /* TestTaskImageCropper */,
			);
		};
/* End PBXProject section */

/* Begin PBXResourcesBuildPhase section */
		62DA79A22C6AB67B00355119 /* Resources */ = {
			isa = PBXResourcesBuildPhase;
			buildActionMask = 2147483647;
			files = (
				62DA79B42C6AB67E00355119 /* LaunchScreen.storyboard in Resources */,
				62DA79B12C6AB67E00355119 /* Assets.xcassets in Resources */,
			);
			runOnlyForDeploymentPostprocessing = 0;
		};
/* End PBXResourcesBuildPhase section */

/* Begin PBXSourcesBuildPhase section */
		62DA79A02C6AB67B00355119 /* Sources */ = {
			isa = PBXSourcesBuildPhase;
			buildActionMask = 2147483647;
			files = (
				62DA79A82C6AB67B00355119 /* AppDelegate.swift in Sources */,
				62DA79CE2C6ABB9400355119 /* TableDataViewModel.swift in Sources */,
				62DA79C52C6AB9FD00355119 /* ImageCropperViewController.swift in Sources */,
				62DA79AA2C6AB67B00355119 /* SceneDelegate.swift in Sources */,
				62DA79CC2C6ABB5D00355119 /* Dynamic.swift in Sources */,
				62DA79C92C6ABAB700355119 /* TableViewCell.swift in Sources */,
				62DA79D02C6ABD1100355119 /* PersonModel.swift in Sources */,
				62DA79C12C6AB78500355119 /* MainTabBarController.swift in Sources */,
				62DA79C32C6AB9DE00355119 /* TableViewSettingsViewController.swift in Sources */,
				62DA79D62C6C2E8400355119 /* UIImage+extensions.swift in Sources */,
				62DA79D92C6C2EE800355119 /* ImageChangeAreaView.swift in Sources */,
				62DA79DC2C6C301B00355119 /* FilterType.swift in Sources */,
			);
			runOnlyForDeploymentPostprocessing = 0;
		};
/* End PBXSourcesBuildPhase section */

/* Begin PBXVariantGroup section */
		62DA79B22C6AB67E00355119 /* LaunchScreen.storyboard */ = {
			isa = PBXVariantGroup;
			children = (
				62DA79B32C6AB67E00355119 /* Base */,
			);
			name = LaunchScreen.storyboard;
			sourceTree = "<group>";
		};
/* End PBXVariantGroup section */

/* Begin XCBuildConfiguration section */
		62DA79B62C6AB67E00355119 /* Debug */ = {
			isa = XCBuildConfiguration;
			buildSettings = {
				ALWAYS_SEARCH_USER_PATHS = NO;
				ASSETCATALOG_COMPILER_GENERATE_SWIFT_ASSET_SYMBOL_EXTENSIONS = YES;
				CLANG_ANALYZER_NONNULL = YES;
				CLANG_ANALYZER_NUMBER_OBJECT_CONVERSION = YES_AGGRESSIVE;
				CLANG_CXX_LANGUAGE_STANDARD = "gnu++20";
				CLANG_ENABLE_MODULES = YES;
				CLANG_ENABLE_OBJC_ARC = YES;
				CLANG_ENABLE_OBJC_WEAK = YES;
				CLANG_WARN_BLOCK_CAPTURE_AUTORELEASING = YES;
				CLANG_WARN_BOOL_CONVERSION = YES;
				CLANG_WARN_COMMA = YES;
				CLANG_WARN_CONSTANT_CONVERSION = YES;
				CLANG_WARN_DEPRECATED_OBJC_IMPLEMENTATIONS = YES;
				CLANG_WARN_DIRECT_OBJC_ISA_USAGE = YES_ERROR;
				CLANG_WARN_DOCUMENTATION_COMMENTS = YES;
				CLANG_WARN_EMPTY_BODY = YES;
				CLANG_WARN_ENUM_CONVERSION = YES;
				CLANG_WARN_INFINITE_RECURSION = YES;
				CLANG_WARN_INT_CONVERSION = YES;
				CLANG_WARN_NON_LITERAL_NULL_CONVERSION = YES;
				CLANG_WARN_OBJC_IMPLICIT_RETAIN_SELF = YES;
				CLANG_WARN_OBJC_LITERAL_CONVERSION = YES;
				CLANG_WARN_OBJC_ROOT_CLASS = YES_ERROR;
				CLANG_WARN_QUOTED_INCLUDE_IN_FRAMEWORK_HEADER = YES;
				CLANG_WARN_RANGE_LOOP_ANALYSIS = YES;
				CLANG_WARN_STRICT_PROTOTYPES = YES;
				CLANG_WARN_SUSPICIOUS_MOVE = YES;
				CLANG_WARN_UNGUARDED_AVAILABILITY = YES_AGGRESSIVE;
				CLANG_WARN_UNREACHABLE_CODE = YES;
				CLANG_WARN__DUPLICATE_METHOD_MATCH = YES;
				COPY_PHASE_STRIP = NO;
				DEBUG_INFORMATION_FORMAT = dwarf;
				ENABLE_STRICT_OBJC_MSGSEND = YES;
				ENABLE_TESTABILITY = YES;
				ENABLE_USER_SCRIPT_SANDBOXING = YES;
				GCC_C_LANGUAGE_STANDARD = gnu17;
				GCC_DYNAMIC_NO_PIC = NO;
				GCC_NO_COMMON_BLOCKS = YES;
				GCC_OPTIMIZATION_LEVEL = 0;
				GCC_PREPROCESSOR_DEFINITIONS = (
					"DEBUG=1",
					"$(inherited)",
				);
				GCC_WARN_64_TO_32_BIT_CONVERSION = YES;
				GCC_WARN_ABOUT_RETURN_TYPE = YES_ERROR;
				GCC_WARN_UNDECLARED_SELECTOR = YES;
				GCC_WARN_UNINITIALIZED_AUTOS = YES_AGGRESSIVE;
				GCC_WARN_UNUSED_FUNCTION = YES;
				GCC_WARN_UNUSED_VARIABLE = YES;
				IPHONEOS_DEPLOYMENT_TARGET = 17.0;
				LOCALIZATION_PREFERS_STRING_CATALOGS = YES;
				MTL_ENABLE_DEBUG_INFO = INCLUDE_SOURCE;
				MTL_FAST_MATH = YES;
				ONLY_ACTIVE_ARCH = YES;
				SDKROOT = iphoneos;
				SWIFT_ACTIVE_COMPILATION_CONDITIONS = "DEBUG $(inherited)";
				SWIFT_OPTIMIZATION_LEVEL = "-Onone";
			};
			name = Debug;
		};
		62DA79B72C6AB67E00355119 /* Release */ = {
			isa = XCBuildConfiguration;
			buildSettings = {
				ALWAYS_SEARCH_USER_PATHS = NO;
				ASSETCATALOG_COMPILER_GENERATE_SWIFT_ASSET_SYMBOL_EXTENSIONS = YES;
				CLANG_ANALYZER_NONNULL = YES;
				CLANG_ANALYZER_NUMBER_OBJECT_CONVERSION = YES_AGGRESSIVE;
				CLANG_CXX_LANGUAGE_STANDARD = "gnu++20";
				CLANG_ENABLE_MODULES = YES;
				CLANG_ENABLE_OBJC_ARC = YES;
				CLANG_ENABLE_OBJC_WEAK = YES;
				CLANG_WARN_BLOCK_CAPTURE_AUTORELEASING = YES;
				CLANG_WARN_BOOL_CONVERSION = YES;
				CLANG_WARN_COMMA = YES;
				CLANG_WARN_CONSTANT_CONVERSION = YES;
				CLANG_WARN_DEPRECATED_OBJC_IMPLEMENTATIONS = YES;
				CLANG_WARN_DIRECT_OBJC_ISA_USAGE = YES_ERROR;
				CLANG_WARN_DOCUMENTATION_COMMENTS = YES;
				CLANG_WARN_EMPTY_BODY = YES;
				CLANG_WARN_ENUM_CONVERSION = YES;
				CLANG_WARN_INFINITE_RECURSION = YES;
				CLANG_WARN_INT_CONVERSION = YES;
				CLANG_WARN_NON_LITERAL_NULL_CONVERSION = YES;
				CLANG_WARN_OBJC_IMPLICIT_RETAIN_SELF = YES;
				CLANG_WARN_OBJC_LITERAL_CONVERSION = YES;
				CLANG_WARN_OBJC_ROOT_CLASS = YES_ERROR;
				CLANG_WARN_QUOTED_INCLUDE_IN_FRAMEWORK_HEADER = YES;
				CLANG_WARN_RANGE_LOOP_ANALYSIS = YES;
				CLANG_WARN_STRICT_PROTOTYPES = YES;
				CLANG_WARN_SUSPICIOUS_MOVE = YES;
				CLANG_WARN_UNGUARDED_AVAILABILITY = YES_AGGRESSIVE;
				CLANG_WARN_UNREACHABLE_CODE = YES;
				CLANG_WARN__DUPLICATE_METHOD_MATCH = YES;
				COPY_PHASE_STRIP = NO;
				DEBUG_INFORMATION_FORMAT = "dwarf-with-dsym";
				ENABLE_NS_ASSERTIONS = NO;
				ENABLE_STRICT_OBJC_MSGSEND = YES;
				ENABLE_USER_SCRIPT_SANDBOXING = YES;
				GCC_C_LANGUAGE_STANDARD = gnu17;
				GCC_NO_COMMON_BLOCKS = YES;
				GCC_WARN_64_TO_32_BIT_CONVERSION = YES;
				GCC_WARN_ABOUT_RETURN_TYPE = YES_ERROR;
				GCC_WARN_UNDECLARED_SELECTOR = YES;
				GCC_WARN_UNINITIALIZED_AUTOS = YES_AGGRESSIVE;
				GCC_WARN_UNUSED_FUNCTION = YES;
				GCC_WARN_UNUSED_VARIABLE = YES;
				IPHONEOS_DEPLOYMENT_TARGET = 17.0;
				LOCALIZATION_PREFERS_STRING_CATALOGS = YES;
				MTL_ENABLE_DEBUG_INFO = NO;
				MTL_FAST_MATH = YES;
				SDKROOT = iphoneos;
				SWIFT_COMPILATION_MODE = wholemodule;
				VALIDATE_PRODUCT = YES;
			};
			name = Release;
		};
		62DA79B92C6AB67E00355119 /* Debug */ = {
			isa = XCBuildConfiguration;
			buildSettings = {
				ASSETCATALOG_COMPILER_APPICON_NAME = AppIcon;
				ASSETCATALOG_COMPILER_GLOBAL_ACCENT_COLOR_NAME = AccentColor;
				CODE_SIGN_STYLE = Automatic;
				CURRENT_PROJECT_VERSION = 1;
				DEVELOPMENT_TEAM = 853H2J7875;
				GENERATE_INFOPLIST_FILE = YES;
				INFOPLIST_FILE = TestTaskImageCropper/Info.plist;
				INFOPLIST_KEY_UIApplicationSupportsIndirectInputEvents = YES;
				INFOPLIST_KEY_UILaunchStoryboardName = LaunchScreen;
				INFOPLIST_KEY_UISupportedInterfaceOrientations_iPad = "UIInterfaceOrientationPortrait UIInterfaceOrientationPortraitUpsideDown UIInterfaceOrientationLandscapeLeft UIInterfaceOrientationLandscapeRight";
				INFOPLIST_KEY_UISupportedInterfaceOrientations_iPhone = "UIInterfaceOrientationPortrait UIInterfaceOrientationLandscapeLeft UIInterfaceOrientationLandscapeRight";
				LD_RUNPATH_SEARCH_PATHS = (
					"$(inherited)",
					"@executable_path/Frameworks",
				);
				MARKETING_VERSION = 1.0;
				PRODUCT_BUNDLE_IDENTIFIER = "Alina-Sakovskaya.TestTaskImageCropper";
				PRODUCT_NAME = "$(TARGET_NAME)";
				SWIFT_EMIT_LOC_STRINGS = YES;
				SWIFT_VERSION = 5.0;
				TARGETED_DEVICE_FAMILY = "1,2";
			};
			name = Debug;
		};
		62DA79BA2C6AB67E00355119 /* Release */ = {
			isa = XCBuildConfiguration;
			buildSettings = {
				ASSETCATALOG_COMPILER_APPICON_NAME = AppIcon;
				ASSETCATALOG_COMPILER_GLOBAL_ACCENT_COLOR_NAME = AccentColor;
				CODE_SIGN_STYLE = Automatic;
				CURRENT_PROJECT_VERSION = 1;
				DEVELOPMENT_TEAM = 853H2J7875;
				GENERATE_INFOPLIST_FILE = YES;
				INFOPLIST_FILE = TestTaskImageCropper/Info.plist;
				INFOPLIST_KEY_UIApplicationSupportsIndirectInputEvents = YES;
				INFOPLIST_KEY_UILaunchStoryboardName = LaunchScreen;
				INFOPLIST_KEY_UISupportedInterfaceOrientations_iPad = "UIInterfaceOrientationPortrait UIInterfaceOrientationPortraitUpsideDown UIInterfaceOrientationLandscapeLeft UIInterfaceOrientationLandscapeRight";
				INFOPLIST_KEY_UISupportedInterfaceOrientations_iPhone = "UIInterfaceOrientationPortrait UIInterfaceOrientationLandscapeLeft UIInterfaceOrientationLandscapeRight";
				LD_RUNPATH_SEARCH_PATHS = (
					"$(inherited)",
					"@executable_path/Frameworks",
				);
				MARKETING_VERSION = 1.0;
				PRODUCT_BUNDLE_IDENTIFIER = "Alina-Sakovskaya.TestTaskImageCropper";
				PRODUCT_NAME = "$(TARGET_NAME)";
				SWIFT_EMIT_LOC_STRINGS = YES;
				SWIFT_VERSION = 5.0;
				TARGETED_DEVICE_FAMILY = "1,2";
			};
			name = Release;
		};
/* End XCBuildConfiguration section */

/* Begin XCConfigurationList section */
		62DA799F2C6AB67B00355119 /* Build configuration list for PBXProject "TestTaskImageCropper" */ = {
			isa = XCConfigurationList;
			buildConfigurations = (
				62DA79B62C6AB67E00355119 /* Debug */,
				62DA79B72C6AB67E00355119 /* Release */,
			);
			defaultConfigurationIsVisible = 0;
			defaultConfigurationName = Release;
		};
		62DA79B82C6AB67E00355119 /* Build configuration list for PBXNativeTarget "TestTaskImageCropper" */ = {
			isa = XCConfigurationList;
			buildConfigurations = (
				62DA79B92C6AB67E00355119 /* Debug */,
				62DA79BA2C6AB67E00355119 /* Release */,
			);
			defaultConfigurationIsVisible = 0;
			defaultConfigurationName = Release;
		};
/* End XCConfigurationList section */
	};
	rootObject = 62DA799C2C6AB67B00355119 /* Project object */;
}
